// !$*UTF8*$!
{
	archiveVersion = 1;
	classes = {
	};
	objectVersion = 48;
	objects = {

/* Begin PBXBuildFile section */
		3E0F960A20659D9000AE450D /* SpotsTableViewCell.swift in Sources */ = {isa = PBXBuildFile; fileRef = 3E0F960920659D9000AE450D /* SpotsTableViewCell.swift */; };
		3E0F960C2065A17500AE450D /* SpotDetailViewController.swift in Sources */ = {isa = PBXBuildFile; fileRef = 3E0F960B2065A17500AE450D /* SpotDetailViewController.swift */; };
		3E0F960E2065AB6400AE450D /* SpotReviewsTableViewCell.swift in Sources */ = {isa = PBXBuildFile; fileRef = 3E0F960D2065AB6400AE450D /* SpotReviewsTableViewCell.swift */; };
		3E0F96102065AC1A00AE450D /* SpotPhotosCollectionViewCell.swift in Sources */ = {isa = PBXBuildFile; fileRef = 3E0F960F2065AC1A00AE450D /* SpotPhotosCollectionViewCell.swift */; };
		3E75FC4A2441512000C8DBB1 /* Podfile in Resources */ = {isa = PBXBuildFile; fileRef = 3E75FC492441512000C8DBB1 /* Podfile */; };
		3E8390E0206597F600512DEA /* AppDelegate.swift in Sources */ = {isa = PBXBuildFile; fileRef = 3E8390DF206597F600512DEA /* AppDelegate.swift */; };
		3E8390E2206597F600512DEA /* SpotsListViewController.swift in Sources */ = {isa = PBXBuildFile; fileRef = 3E8390E1206597F600512DEA /* SpotsListViewController.swift */; };
		3E8390E5206597F600512DEA /* Main.storyboard in Resources */ = {isa = PBXBuildFile; fileRef = 3E8390E3206597F600512DEA /* Main.storyboard */; };
		3E8390E7206597F600512DEA /* Assets.xcassets in Resources */ = {isa = PBXBuildFile; fileRef = 3E8390E6206597F600512DEA /* Assets.xcassets */; };
		3E8390EA206597F600512DEA /* LaunchScreen.storyboard in Resources */ = {isa = PBXBuildFile; fileRef = 3E8390E8206597F600512DEA /* LaunchScreen.storyboard */; };
		435C1DB6A126103266070C6A /* Pods_Snacktacular.framework in Frameworks */ = {isa = PBXBuildFile; fileRef = 9172064AEEDA53D05CCACF90 /* Pods_Snacktacular.framework */; };
		8217DF802442209E0057E8A7 /* Spot.swift in Sources */ = {isa = PBXBuildFile; fileRef = 8217DF7F2442209E0057E8A7 /* Spot.swift */; };
		8217DF82244222280057E8A7 /* Spots.swift in Sources */ = {isa = PBXBuildFile; fileRef = 8217DF81244222280057E8A7 /* Spots.swift */; };
/* End PBXBuildFile section */

/* Begin PBXFileReference section */
		1D456EBBD590BE7637C5CE5A /* Pods-Snacktacular.debug.xcconfig */ = {isa = PBXFileReference; includeInIndex = 1; lastKnownFileType = text.xcconfig; name = "Pods-Snacktacular.debug.xcconfig"; path = "Target Support Files/Pods-Snacktacular/Pods-Snacktacular.debug.xcconfig"; sourceTree = "<group>"; };
		3E0F960920659D9000AE450D /* SpotsTableViewCell.swift */ = {isa = PBXFileReference; lastKnownFileType = sourcecode.swift; path = SpotsTableViewCell.swift; sourceTree = "<group>"; };
		3E0F960B2065A17500AE450D /* SpotDetailViewController.swift */ = {isa = PBXFileReference; lastKnownFileType = sourcecode.swift; path = SpotDetailViewController.swift; sourceTree = "<group>"; };
		3E0F960D2065AB6400AE450D /* SpotReviewsTableViewCell.swift */ = {isa = PBXFileReference; lastKnownFileType = sourcecode.swift; path = SpotReviewsTableViewCell.swift; sourceTree = "<group>"; };
		3E0F960F2065AC1A00AE450D /* SpotPhotosCollectionViewCell.swift */ = {isa = PBXFileReference; lastKnownFileType = sourcecode.swift; path = SpotPhotosCollectionViewCell.swift; sourceTree = "<group>"; };
		3E75FC492441512000C8DBB1 /* Podfile */ = {isa = PBXFileReference; fileEncoding = 4; lastKnownFileType = text; path = Podfile; sourceTree = SOURCE_ROOT; };
		3E8390DC206597F600512DEA /* Snacktacular.app */ = {isa = PBXFileReference; explicitFileType = wrapper.application; includeInIndex = 0; path = Snacktacular.app; sourceTree = BUILT_PRODUCTS_DIR; };
		3E8390DF206597F600512DEA /* AppDelegate.swift */ = {isa = PBXFileReference; lastKnownFileType = sourcecode.swift; path = AppDelegate.swift; sourceTree = "<group>"; };
		3E8390E1206597F600512DEA /* SpotsListViewController.swift */ = {isa = PBXFileReference; lastKnownFileType = sourcecode.swift; path = SpotsListViewController.swift; sourceTree = "<group>"; };
		3E8390E4206597F600512DEA /* Base */ = {isa = PBXFileReference; lastKnownFileType = file.storyboard; name = Base; path = Base.lproj/Main.storyboard; sourceTree = "<group>"; };
		3E8390E6206597F600512DEA /* Assets.xcassets */ = {isa = PBXFileReference; lastKnownFileType = folder.assetcatalog; path = Assets.xcassets; sourceTree = "<group>"; };
		3E8390E9206597F600512DEA /* Base */ = {isa = PBXFileReference; lastKnownFileType = file.storyboard; name = Base; path = Base.lproj/LaunchScreen.storyboard; sourceTree = "<group>"; };
		3E8390EB206597F600512DEA /* Info.plist */ = {isa = PBXFileReference; lastKnownFileType = text.plist.xml; path = Info.plist; sourceTree = "<group>"; };
		7C123B07C9EDF41D2AD462A3 /* Pods-Snacktacular.release.xcconfig */ = {isa = PBXFileReference; includeInIndex = 1; lastKnownFileType = text.xcconfig; name = "Pods-Snacktacular.release.xcconfig"; path = "Target Support Files/Pods-Snacktacular/Pods-Snacktacular.release.xcconfig"; sourceTree = "<group>"; };
		8217DF7F2442209E0057E8A7 /* Spot.swift */ = {isa = PBXFileReference; lastKnownFileType = sourcecode.swift; path = Spot.swift; sourceTree = "<group>"; };
		8217DF81244222280057E8A7 /* Spots.swift */ = {isa = PBXFileReference; lastKnownFileType = sourcecode.swift; path = Spots.swift; sourceTree = "<group>"; };
		9172064AEEDA53D05CCACF90 /* Pods_Snacktacular.framework */ = {isa = PBXFileReference; explicitFileType = wrapper.framework; includeInIndex = 0; path = Pods_Snacktacular.framework; sourceTree = BUILT_PRODUCTS_DIR; };
/* End PBXFileReference section */

/* Begin PBXFrameworksBuildPhase section */
		3E8390D9206597F600512DEA /* Frameworks */ = {
			isa = PBXFrameworksBuildPhase;
			buildActionMask = 2147483647;
			files = (
				435C1DB6A126103266070C6A /* Pods_Snacktacular.framework in Frameworks */,
			);
			runOnlyForDeploymentPostprocessing = 0;
		};
/* End PBXFrameworksBuildPhase section */

/* Begin PBXGroup section */
		3E8390D3206597F600512DEA = {
			isa = PBXGroup;
			children = (
				3E8390DE206597F600512DEA /* Snacktacular */,
				3E8390DD206597F600512DEA /* Products */,
				82AF50F5FFE03DAD5B2F54F6 /* Pods */,
				89E3AFDE78901E094046BFBF /* Frameworks */,
			);
			sourceTree = "<group>";
		};
		3E8390DD206597F600512DEA /* Products */ = {
			isa = PBXGroup;
			children = (
				3E8390DC206597F600512DEA /* Snacktacular.app */,
			);
			name = Products;
			sourceTree = "<group>";
		};
		3E8390DE206597F600512DEA /* Snacktacular */ = {
			isa = PBXGroup;
			children = (
				3E8390DF206597F600512DEA /* AppDelegate.swift */,
				8217DF7F2442209E0057E8A7 /* Spot.swift */,
				8217DF81244222280057E8A7 /* Spots.swift */,
				3E8390E1206597F600512DEA /* SpotsListViewController.swift */,
				3E0F960920659D9000AE450D /* SpotsTableViewCell.swift */,
				3E0F960B2065A17500AE450D /* SpotDetailViewController.swift */,
				3E0F960D2065AB6400AE450D /* SpotReviewsTableViewCell.swift */,
				3E0F960F2065AC1A00AE450D /* SpotPhotosCollectionViewCell.swift */,
				3E8390E3206597F600512DEA /* Main.storyboard */,
				3E8390E6206597F600512DEA /* Assets.xcassets */,
				3E8390E8206597F600512DEA /* LaunchScreen.storyboard */,
				3E8390EB206597F600512DEA /* Info.plist */,
				3E75FC492441512000C8DBB1 /* Podfile */,
			);
			path = Snacktacular;
			sourceTree = "<group>";
		};
		82AF50F5FFE03DAD5B2F54F6 /* Pods */ = {
			isa = PBXGroup;
			children = (
				1D456EBBD590BE7637C5CE5A /* Pods-Snacktacular.debug.xcconfig */,
				7C123B07C9EDF41D2AD462A3 /* Pods-Snacktacular.release.xcconfig */,
			);
			path = Pods;
			sourceTree = "<group>";
		};
		89E3AFDE78901E094046BFBF /* Frameworks */ = {
			isa = PBXGroup;
			children = (
				9172064AEEDA53D05CCACF90 /* Pods_Snacktacular.framework */,
			);
			name = Frameworks;
			sourceTree = "<group>";
		};
/* End PBXGroup section */

/* Begin PBXNativeTarget section */
		3E8390DB206597F600512DEA /* Snacktacular */ = {
			isa = PBXNativeTarget;
			buildConfigurationList = 3E8390EE206597F600512DEA /* Build configuration list for PBXNativeTarget "Snacktacular" */;
			buildPhases = (
				40C38A598D4B0386330145E1 /* [CP] Check Pods Manifest.lock */,
				3E8390D8206597F600512DEA /* Sources */,
				3E8390D9206597F600512DEA /* Frameworks */,
				3E8390DA206597F600512DEA /* Resources */,
			);
			buildRules = (
			);
			dependencies = (
			);
			name = Snacktacular;
			productName = Snacktacular;
			productReference = 3E8390DC206597F600512DEA /* Snacktacular.app */;
			productType = "com.apple.product-type.application";
		};
/* End PBXNativeTarget section */

/* Begin PBXProject section */
		3E8390D4206597F600512DEA /* Project object */ = {
			isa = PBXProject;
			attributes = {
				LastSwiftUpdateCheck = 0920;
				LastUpgradeCheck = 0920;
				ORGANIZATIONNAME = "John Gallaugher";
				TargetAttributes = {
					3E8390DB206597F600512DEA = {
						CreatedOnToolsVersion = 9.2;
						ProvisioningStyle = Automatic;
					};
				};
			};
			buildConfigurationList = 3E8390D7206597F600512DEA /* Build configuration list for PBXProject "Snacktacular" */;
			compatibilityVersion = "Xcode 8.0";
			developmentRegion = en;
			hasScannedForEncodings = 0;
			knownRegions = (
				en,
				Base,
			);
			mainGroup = 3E8390D3206597F600512DEA;
			productRefGroup = 3E8390DD206597F600512DEA /* Products */;
			projectDirPath = "";
			projectRoot = "";
			targets = (
				3E8390DB206597F600512DEA /* Snacktacular */,
			);
		};
/* End PBXProject section */

/* Begin PBXResourcesBuildPhase section */
		3E8390DA206597F600512DEA /* Resources */ = {
			isa = PBXResourcesBuildPhase;
			buildActionMask = 2147483647;
			files = (
				3E8390EA206597F600512DEA /* LaunchScreen.storyboard in Resources */,
				3E8390E7206597F600512DEA /* Assets.xcassets in Resources */,
				3E75FC4A2441512000C8DBB1 /* Podfile in Resources */,
				3E8390E5206597F600512DEA /* Main.storyboard in Resources */,
			);
			runOnlyForDeploymentPostprocessing = 0;
		};
/* End PBXResourcesBuildPhase section */

/* Begin PBXShellScriptBuildPhase section */
		40C38A598D4B0386330145E1 /* [CP] Check Pods Manifest.lock */ = {
			isa = PBXShellScriptBuildPhase;
			buildActionMask = 2147483647;
			files = (
			);
			inputFileListPaths = (
			);
			inputPaths = (
				"${PODS_PODFILE_DIR_PATH}/Podfile.lock",
				"${PODS_ROOT}/Manifest.lock",
			);
			name = "[CP] Check Pods Manifest.lock";
			outputFileListPaths = (
			);
			outputPaths = (
				"$(DERIVED_FILE_DIR)/Pods-Snacktacular-checkManifestLockResult.txt",
			);
			runOnlyForDeploymentPostprocessing = 0;
			shellPath = /bin/sh;
			shellScript = "diff \"${PODS_PODFILE_DIR_PATH}/Podfile.lock\" \"${PODS_ROOT}/Manifest.lock\" > /dev/null\nif [ $? != 0 ] ; then\n    # print error to STDERR\n    echo \"error: The sandbox is not in sync with the Podfile.lock. Run 'pod install' or update your CocoaPods installation.\" >&2\n    exit 1\nfi\n# This output is used by Xcode 'outputs' to avoid re-running this script phase.\necho \"SUCCESS\" > \"${SCRIPT_OUTPUT_FILE_0}\"\n";
			showEnvVarsInLog = 0;
		};
/* End PBXShellScriptBuildPhase section */

/* Begin PBXSourcesBuildPhase section */
		3E8390D8206597F600512DEA /* Sources */ = {
			isa = PBXSourcesBuildPhase;
			buildActionMask = 2147483647;
			files = (
				3E8390E2206597F600512DEA /* SpotsListViewController.swift in Sources */,
				3E0F96102065AC1A00AE450D /* SpotPhotosCollectionViewCell.swift in Sources */,
				3E0F960C2065A17500AE450D /* SpotDetailViewController.swift in Sources */,
				3E0F960E2065AB6400AE450D /* SpotReviewsTableViewCell.swift in Sources */,
				3E0F960A20659D9000AE450D /* SpotsTableViewCell.swift in Sources */,
				8217DF802442209E0057E8A7 /* Spot.swift in Sources */,
				3E8390E0206597F600512DEA /* AppDelegate.swift in Sources */,
				8217DF82244222280057E8A7 /* Spots.swift in Sources */,
			);
			runOnlyForDeploymentPostprocessing = 0;
		};
/* End PBXSourcesBuildPhase section */

/* Begin PBXVariantGroup section */
		3E8390E3206597F600512DEA /* Main.storyboard */ = {
			isa = PBXVariantGroup;
			children = (
				3E8390E4206597F600512DEA /* Base */,
			);
			name = Main.storyboard;
			sourceTree = "<group>";
		};
		3E8390E8206597F600512DEA /* LaunchScreen.storyboard */ = {
			isa = PBXVariantGroup;
			children = (
				3E8390E9206597F600512DEA /* Base */,
			);
			name = LaunchScreen.storyboard;
			sourceTree = "<group>";
		};
/* End PBXVariantGroup section */

/* Begin XCBuildConfiguration section */
		3E8390EC206597F600512DEA /* Debug */ = {
			isa = XCBuildConfiguration;
			buildSettings = {
				ALWAYS_SEARCH_USER_PATHS = NO;
				CLANG_ANALYZER_NONNULL = YES;
				CLANG_ANALYZER_NUMBER_OBJECT_CONVERSION = YES_AGGRESSIVE;
				CLANG_CXX_LANGUAGE_STANDARD = "gnu++14";
				CLANG_CXX_LIBRARY = "libc++";
				CLANG_ENABLE_MODULES = YES;
				CLANG_ENABLE_OBJC_ARC = YES;
				CLANG_WARN_BLOCK_CAPTURE_AUTORELEASING = YES;
				CLANG_WARN_BOOL_CONVERSION = YES;
				CLANG_WARN_COMMA = YES;
				CLANG_WARN_CONSTANT_CONVERSION = YES;
				CLANG_WARN_DIRECT_OBJC_ISA_USAGE = YES_ERROR;
				CLANG_WARN_DOCUMENTATION_COMMENTS = YES;
				CLANG_WARN_EMPTY_BODY = YES;
				CLANG_WARN_ENUM_CONVERSION = YES;
				CLANG_WARN_INFINITE_RECURSION = YES;
				CLANG_WARN_INT_CONVERSION = YES;
				CLANG_WARN_NON_LITERAL_NULL_CONVERSION = YES;
				CLANG_WARN_OBJC_LITERAL_CONVERSION = YES;
				CLANG_WARN_OBJC_ROOT_CLASS = YES_ERROR;
				CLANG_WARN_RANGE_LOOP_ANALYSIS = YES;
				CLANG_WARN_STRICT_PROTOTYPES = YES;
				CLANG_WARN_SUSPICIOUS_MOVE = YES;
				CLANG_WARN_UNGUARDED_AVAILABILITY = YES_AGGRESSIVE;
				CLANG_WARN_UNREACHABLE_CODE = YES;
				CLANG_WARN__DUPLICATE_METHOD_MATCH = YES;
				CODE_SIGN_IDENTITY = "iPhone Developer";
				COPY_PHASE_STRIP = NO;
				DEBUG_INFORMATION_FORMAT = dwarf;
				ENABLE_STRICT_OBJC_MSGSEND = YES;
				ENABLE_TESTABILITY = YES;
				GCC_C_LANGUAGE_STANDARD = gnu11;
				GCC_DYNAMIC_NO_PIC = NO;
				GCC_NO_COMMON_BLOCKS = YES;
				GCC_OPTIMIZATION_LEVEL = 0;
				GCC_PREPROCESSOR_DEFINITIONS = (
					"DEBUG=1",
					"$(inherited)",
				);
				GCC_WARN_64_TO_32_BIT_CONVERSION = YES;
				GCC_WARN_ABOUT_RETURN_TYPE = YES_ERROR;
				GCC_WARN_UNDECLARED_SELECTOR = YES;
				GCC_WARN_UNINITIALIZED_AUTOS = YES_AGGRESSIVE;
				GCC_WARN_UNUSED_FUNCTION = YES;
				GCC_WARN_UNUSED_VARIABLE = YES;
				IPHONEOS_DEPLOYMENT_TARGET = 11.2;
				MTL_ENABLE_DEBUG_INFO = YES;
				ONLY_ACTIVE_ARCH = YES;
				SDKROOT = iphoneos;
				SWIFT_ACTIVE_COMPILATION_CONDITIONS = DEBUG;
				SWIFT_OPTIMIZATION_LEVEL = "-Onone";
			};
			name = Debug;
		};
		3E8390ED206597F600512DEA /* Release */ = {
			isa = XCBuildConfiguration;
			buildSettings = {
				ALWAYS_SEARCH_USER_PATHS = NO;
				CLANG_ANALYZER_NONNULL = YES;
				CLANG_ANALYZER_NUMBER_OBJECT_CONVERSION = YES_AGGRESSIVE;
				CLANG_CXX_LANGUAGE_STANDARD = "gnu++14";
				CLANG_CXX_LIBRARY = "libc++";
				CLANG_ENABLE_MODULES = YES;
				CLANG_ENABLE_OBJC_ARC = YES;
				CLANG_WARN_BLOCK_CAPTURE_AUTORELEASING = YES;
				CLANG_WARN_BOOL_CONVERSION = YES;
				CLANG_WARN_COMMA = YES;
				CLANG_WARN_CONSTANT_CONVERSION = YES;
				CLANG_WARN_DIRECT_OBJC_ISA_USAGE = YES_ERROR;
				CLANG_WARN_DOCUMENTATION_COMMENTS = YES;
				CLANG_WARN_EMPTY_BODY = YES;
				CLANG_WARN_ENUM_CONVERSION = YES;
				CLANG_WARN_INFINITE_RECURSION = YES;
				CLANG_WARN_INT_CONVERSION = YES;
				CLANG_WARN_NON_LITERAL_NULL_CONVERSION = YES;
				CLANG_WARN_OBJC_LITERAL_CONVERSION = YES;
				CLANG_WARN_OBJC_ROOT_CLASS = YES_ERROR;
				CLANG_WARN_RANGE_LOOP_ANALYSIS = YES;
				CLANG_WARN_STRICT_PROTOTYPES = YES;
				CLANG_WARN_SUSPICIOUS_MOVE = YES;
				CLANG_WARN_UNGUARDED_AVAILABILITY = YES_AGGRESSIVE;
				CLANG_WARN_UNREACHABLE_CODE = YES;
				CLANG_WARN__DUPLICATE_METHOD_MATCH = YES;
				CODE_SIGN_IDENTITY = "iPhone Developer";
				COPY_PHASE_STRIP = NO;
				DEBUG_INFORMATION_FORMAT = "dwarf-with-dsym";
				ENABLE_NS_ASSERTIONS = NO;
				ENABLE_STRICT_OBJC_MSGSEND = YES;
				GCC_C_LANGUAGE_STANDARD = gnu11;
				GCC_NO_COMMON_BLOCKS = YES;
				GCC_WARN_64_TO_32_BIT_CONVERSION = YES;
				GCC_WARN_ABOUT_RETURN_TYPE = YES_ERROR;
				GCC_WARN_UNDECLARED_SELECTOR = YES;
				GCC_WARN_UNINITIALIZED_AUTOS = YES_AGGRESSIVE;
				GCC_WARN_UNUSED_FUNCTION = YES;
				GCC_WARN_UNUSED_VARIABLE = YES;
				IPHONEOS_DEPLOYMENT_TARGET = 11.2;
				MTL_ENABLE_DEBUG_INFO = NO;
				SDKROOT = iphoneos;
				SWIFT_OPTIMIZATION_LEVEL = "-Owholemodule";
				VALIDATE_PRODUCT = YES;
			};
			name = Release;
		};
		3E8390EF206597F600512DEA /* Debug */ = {
			isa = XCBuildConfiguration;
			baseConfigurationReference = 1D456EBBD590BE7637C5CE5A /* Pods-Snacktacular.debug.xcconfig */;
			buildSettings = {
				ASSETCATALOG_COMPILER_APPICON_NAME = AppIcon;
				CODE_SIGN_STYLE = Automatic;
				DEVELOPMENT_TEAM = 9937BJYLPH;
				INFOPLIST_FILE = Snacktacular/Info.plist;
				IPHONEOS_DEPLOYMENT_TARGET = 13.2;
				LD_RUNPATH_SEARCH_PATHS = "$(inherited) @executable_path/Frameworks";
				PRODUCT_BUNDLE_IDENTIFIER = com.gallaugher.Snacktacular;
				PRODUCT_NAME = "$(TARGET_NAME)";
				SWIFT_VERSION = 4.2;
				TARGETED_DEVICE_FAMILY = "1,2";
			};
			name = Debug;
		};
		3E8390F0206597F600512DEA /* Release */ = {
			isa = XCBuildConfiguration;
			baseConfigurationReference = 7C123B07C9EDF41D2AD462A3 /* Pods-Snacktacular.release.xcconfig */;
			buildSettings = {
				ASSETCATALOG_COMPILER_APPICON_NAME = AppIcon;
				CODE_SIGN_STYLE = Automatic;
				DEVELOPMENT_TEAM = 9937BJYLPH;
				INFOPLIST_FILE = Snacktacular/Info.plist;
				IPHONEOS_DEPLOYMENT_TARGET = 13.2;
				LD_RUNPATH_SEARCH_PATHS = "$(inherited) @executable_path/Frameworks";
				PRODUCT_BUNDLE_IDENTIFIER = com.gallaugher.Snacktacular;
				PRODUCT_NAME = "$(TARGET_NAME)";
				SWIFT_VERSION = 4.2;
				TARGETED_DEVICE_FAMILY = "1,2";
			};
			name = Release;
		};
/* End XCBuildConfiguration section */

/* Begin XCConfigurationList section */
		3E8390D7206597F600512DEA /* Build configuration list for PBXProject "Snacktacular" */ = {
			isa = XCConfigurationList;
			buildConfigurations = (
				3E8390EC206597F600512DEA /* Debug */,
				3E8390ED206597F600512DEA /* Release */,
			);
			defaultConfigurationIsVisible = 0;
			defaultConfigurationName = Release;
		};
		3E8390EE206597F600512DEA /* Build configuration list for PBXNativeTarget "Snacktacular" */ = {
			isa = XCConfigurationList;
			buildConfigurations = (
				3E8390EF206597F600512DEA /* Debug */,
				3E8390F0206597F600512DEA /* Release */,
			);
			defaultConfigurationIsVisible = 0;
			defaultConfigurationName = Release;
		};
/* End XCConfigurationList section */
	};
	rootObject = 3E8390D4206597F600512DEA /* Project object */;
}
